// !$*UTF8*$!
{
	archiveVersion = 1;
	classes = {
	};
	objectVersion = 50;
	objects = {

/* Begin PBXBuildFile section */
		AB7F8AF326FE7793006DFE76 /* AppDelegate.swift in Sources */ = {isa = PBXBuildFile; fileRef = AB7F8AF226FE7793006DFE76 /* AppDelegate.swift */; };
		AB7F8AF526FE7793006DFE76 /* SceneDelegate.swift in Sources */ = {isa = PBXBuildFile; fileRef = AB7F8AF426FE7793006DFE76 /* SceneDelegate.swift */; };
		AB7F8AF726FE7793006DFE76 /* ViewController.swift in Sources */ = {isa = PBXBuildFile; fileRef = AB7F8AF626FE7793006DFE76 /* ViewController.swift */; };
		AB7F8AFA26FE7793006DFE76 /* Main.storyboard in Resources */ = {isa = PBXBuildFile; fileRef = AB7F8AF826FE7793006DFE76 /* Main.storyboard */; };
		AB7F8AFC26FE7794006DFE76 /* Assets.xcassets in Resources */ = {isa = PBXBuildFile; fileRef = AB7F8AFB26FE7794006DFE76 /* Assets.xcassets */; };
		AB7F8AFF26FE7794006DFE76 /* LaunchScreen.storyboard in Resources */ = {isa = PBXBuildFile; fileRef = AB7F8AFD26FE7794006DFE76 /* LaunchScreen.storyboard */; };
/* End PBXBuildFile section */

/* Begin PBXFileReference section */
		AB7F8AEF26FE7793006DFE76 /* consolidation3.app */ = {isa = PBXFileReference; explicitFileType = wrapper.application; includeInIndex = 0; path = consolidation3.app; sourceTree = BUILT_PRODUCTS_DIR; };
		AB7F8AF226FE7793006DFE76 /* AppDelegate.swift */ = {isa = PBXFileReference; lastKnownFileType = sourcecode.swift; path = AppDelegate.swift; sourceTree = "<group>"; };
		AB7F8AF426FE7793006DFE76 /* SceneDelegate.swift */ = {isa = PBXFileReference; lastKnownFileType = sourcecode.swift; path = SceneDelegate.swift; sourceTree = "<group>"; };
		AB7F8AF626FE7793006DFE76 /* ViewController.swift */ = {isa = PBXFileReference; lastKnownFileType = sourcecode.swift; path = ViewController.swift; sourceTree = "<group>"; };
		AB7F8AF926FE7793006DFE76 /* Base */ = {isa = PBXFileReference; lastKnownFileType = file.storyboard; name = Base; path = Base.lproj/Main.storyboard; sourceTree = "<group>"; };
		AB7F8AFB26FE7794006DFE76 /* Assets.xcassets */ = {isa = PBXFileReference; lastKnownFileType = folder.assetcatalog; path = Assets.xcassets; sourceTree = "<group>"; };
		AB7F8AFE26FE7794006DFE76 /* Base */ = {isa = PBXFileReference; lastKnownFileType = file.storyboard; name = Base; path = Base.lproj/LaunchScreen.storyboard; sourceTree = "<group>"; };
		AB7F8B0026FE7794006DFE76 /* Info.plist */ = {isa = PBXFileReference; lastKnownFileType = text.plist.xml; path = Info.plist; sourceTree = "<group>"; };
/* End PBXFileReference section */

/* Begin PBXFrameworksBuildPhase section */
		AB7F8AEC26FE7793006DFE76 /* Frameworks */ = {
			isa = PBXFrameworksBuildPhase;
			buildActionMask = 2147483647;
			files = (
			);
			runOnlyForDeploymentPostprocessing = 0;
		};
/* End PBXFrameworksBuildPhase section */

/* Begin PBXGroup section */
		AB7F8AE626FE7793006DFE76 = {
			isa = PBXGroup;
			children = (
				AB7F8AF126FE7793006DFE76 /* consolidation3 */,
				AB7F8AF026FE7793006DFE76 /* Products */,
			);
			sourceTree = "<group>";
		};
		AB7F8AF026FE7793006DFE76 /* Products */ = {
			isa = PBXGroup;
			children = (
				AB7F8AEF26FE7793006DFE76 /* consolidation3.app */,
			);
			name = Products;
			sourceTree = "<group>";
		};
		AB7F8AF126FE7793006DFE76 /* consolidation3 */ = {
			isa = PBXGroup;
			children = (
				AB7F8AF226FE7793006DFE76 /* AppDelegate.swift */,
				AB7F8AF426FE7793006DFE76 /* SceneDelegate.swift */,
				AB7F8AF626FE7793006DFE76 /* ViewController.swift */,
				AB7F8AF826FE7793006DFE76 /* Main.storyboard */,
				AB7F8AFB26FE7794006DFE76 /* Assets.xcassets */,
				AB7F8AFD26FE7794006DFE76 /* LaunchScreen.storyboard */,
				AB7F8B0026FE7794006DFE76 /* Info.plist */,
			);
			path = consolidation3;
			sourceTree = "<group>";
		};
/* End PBXGroup section */

/* Begin PBXNativeTarget section */
		AB7F8AEE26FE7793006DFE76 /* consolidation3 */ = {
			isa = PBXNativeTarget;
			buildConfigurationList = AB7F8B0326FE7794006DFE76 /* Build configuration list for PBXNativeTarget "consolidation3" */;
			buildPhases = (
				AB7F8AEB26FE7793006DFE76 /* Sources */,
				AB7F8AEC26FE7793006DFE76 /* Frameworks */,
				AB7F8AED26FE7793006DFE76 /* Resources */,
			);
			buildRules = (
			);
			dependencies = (
			);
			name = consolidation3;
			productName = consolidation3;
			productReference = AB7F8AEF26FE7793006DFE76 /* consolidation3.app */;
			productType = "com.apple.product-type.application";
		};
/* End PBXNativeTarget section */

/* Begin PBXProject section */
		AB7F8AE726FE7793006DFE76 /* Project object */ = {
			isa = PBXProject;
			attributes = {
				LastSwiftUpdateCheck = 1250;
				LastUpgradeCheck = 1250;
				TargetAttributes = {
					AB7F8AEE26FE7793006DFE76 = {
						CreatedOnToolsVersion = 12.5.1;
					};
				};
			};
			buildConfigurationList = AB7F8AEA26FE7793006DFE76 /* Build configuration list for PBXProject "consolidation3" */;
			compatibilityVersion = "Xcode 9.3";
			developmentRegion = en;
			hasScannedForEncodings = 0;
			knownRegions = (
				en,
				Base,
			);
			mainGroup = AB7F8AE626FE7793006DFE76;
			productRefGroup = AB7F8AF026FE7793006DFE76 /* Products */;
			projectDirPath = "";
			projectRoot = "";
			targets = (
				AB7F8AEE26FE7793006DFE76 /* consolidation3 */,
			);
		};
/* End PBXProject section */

/* Begin PBXResourcesBuildPhase section */
		AB7F8AED26FE7793006DFE76 /* Resources */ = {
			isa = PBXResourcesBuildPhase;
			buildActionMask = 2147483647;
			files = (
				AB7F8AFF26FE7794006DFE76 /* LaunchScreen.storyboard in Resources */,
				AB7F8AFC26FE7794006DFE76 /* Assets.xcassets in Resources */,
				AB7F8AFA26FE7793006DFE76 /* Main.storyboard in Resources */,
			);
			runOnlyForDeploymentPostprocessing = 0;
		};
/* End PBXResourcesBuildPhase section */

/* Begin PBXSourcesBuildPhase section */
		AB7F8AEB26FE7793006DFE76 /* Sources */ = {
			isa = PBXSourcesBuildPhase;
			buildActionMask = 2147483647;
			files = (
				AB7F8AF726FE7793006DFE76 /* ViewController.swift in Sources */,
				AB7F8AF326FE7793006DFE76 /* AppDelegate.swift in Sources */,
				AB7F8AF526FE7793006DFE76 /* SceneDelegate.swift in Sources */,
			);
			runOnlyForDeploymentPostprocessing = 0;
		};
/* End PBXSourcesBuildPhase section */

/* Begin PBXVariantGroup section */
		AB7F8AF826FE7793006DFE76 /* Main.storyboard */ = {
			isa = PBXVariantGroup;
			children = (
				AB7F8AF926FE7793006DFE76 /* Base */,
			);
			name = Main.storyboard;
			sourceTree = "<group>";
		};
		AB7F8AFD26FE7794006DFE76 /* LaunchScreen.storyboard */ = {
			isa = PBXVariantGroup;
			children = (
				AB7F8AFE26FE7794006DFE76 /* Base */,
			);
			name = LaunchScreen.storyboard;
			sourceTree = "<group>";
		};
/* End PBXVariantGroup section */

/* Begin XCBuildConfiguration section */
		AB7F8B0126FE7794006DFE76 /* Debug */ = {
			isa = XCBuildConfiguration;
			buildSettings = {
				ALWAYS_SEARCH_USER_PATHS = NO;
				CLANG_ANALYZER_NONNULL = YES;
				CLANG_ANALYZER_NUMBER_OBJECT_CONVERSION = YES_AGGRESSIVE;
				CLANG_CXX_LANGUAGE_STANDARD = "gnu++14";
				CLANG_CXX_LIBRARY = "libc++";
				CLANG_ENABLE_MODULES = YES;
				CLANG_ENABLE_OBJC_ARC = YES;
				CLANG_ENABLE_OBJC_WEAK = YES;
				CLANG_WARN_BLOCK_CAPTURE_AUTORELEASING = YES;
				CLANG_WARN_BOOL_CONVERSION = YES;
				CLANG_WARN_COMMA = YES;
				CLANG_WARN_CONSTANT_CONVERSION = YES;
				CLANG_WARN_DEPRECATED_OBJC_IMPLEMENTATIONS = YES;
				CLANG_WARN_DIRECT_OBJC_ISA_USAGE = YES_ERROR;
				CLANG_WARN_DOCUMENTATION_COMMENTS = YES;
				CLANG_WARN_EMPTY_BODY = YES;
				CLANG_WARN_ENUM_CONVERSION = YES;
				CLANG_WARN_INFINITE_RECURSION = YES;
				CLANG_WARN_INT_CONVERSION = YES;
				CLANG_WARN_NON_LITERAL_NULL_CONVERSION = YES;
				CLANG_WARN_OBJC_IMPLICIT_RETAIN_SELF = YES;
				CLANG_WARN_OBJC_LITERAL_CONVERSION = YES;
				CLANG_WARN_OBJC_ROOT_CLASS = YES_ERROR;
				CLANG_WARN_QUOTED_INCLUDE_IN_FRAMEWORK_HEADER = YES;
				CLANG_WARN_RANGE_LOOP_ANALYSIS = YES;
				CLANG_WARN_STRICT_PROTOTYPES = YES;
				CLANG_WARN_SUSPICIOUS_MOVE = YES;
				CLANG_WARN_UNGUARDED_AVAILABILITY = YES_AGGRESSIVE;
				CLANG_WARN_UNREACHABLE_CODE = YES;
				CLANG_WARN__DUPLICATE_METHOD_MATCH = YES;
				COPY_PHASE_STRIP = NO;
				DEBUG_INFORMATION_FORMAT = dwarf;
				ENABLE_STRICT_OBJC_MSGSEND = YES;
				ENABLE_TESTABILITY = YES;
				GCC_C_LANGUAGE_STANDARD = gnu11;
				GCC_DYNAMIC_NO_PIC = NO;
				GCC_NO_COMMON_BLOCKS = YES;
				GCC_OPTIMIZATION_LEVEL = 0;
				GCC_PREPROCESSOR_DEFINITIONS = (
					"DEBUG=1",
					"$(inherited)",
				);
				GCC_WARN_64_TO_32_BIT_CONVERSION = YES;
				GCC_WARN_ABOUT_RETURN_TYPE = YES_ERROR;
				GCC_WARN_UNDECLARED_SELECTOR = YES;
				GCC_WARN_UNINITIALIZED_AUTOS = YES_AGGRESSIVE;
				GCC_WARN_UNUSED_FUNCTION = YES;
				GCC_WARN_UNUSED_VARIABLE = YES;
				IPHONEOS_DEPLOYMENT_TARGET = 14.5;
				MTL_ENABLE_DEBUG_INFO = INCLUDE_SOURCE;
				MTL_FAST_MATH = YES;
				ONLY_ACTIVE_ARCH = YES;
				SDKROOT = iphoneos;
				SWIFT_ACTIVE_COMPILATION_CONDITIONS = DEBUG;
				SWIFT_OPTIMIZATION_LEVEL = "-Onone";
			};
			name = Debug;
		};
		AB7F8B0226FE7794006DFE76 /* Release */ = {
			isa = XCBuildConfiguration;
			buildSettings = {
				ALWAYS_SEARCH_USER_PATHS = NO;
				CLANG_ANALYZER_NONNULL = YES;
				CLANG_ANALYZER_NUMBER_OBJECT_CONVERSION = YES_AGGRESSIVE;
				CLANG_CXX_LANGUAGE_STANDARD = "gnu++14";
				CLANG_CXX_LIBRARY = "libc++";
				CLANG_ENABLE_MODULES = YES;
				CLANG_ENABLE_OBJC_ARC = YES;
				CLANG_ENABLE_OBJC_WEAK = YES;
				CLANG_WARN_BLOCK_CAPTURE_AUTORELEASING = YES;
				CLANG_WARN_BOOL_CONVERSION = YES;
				CLANG_WARN_COMMA = YES;
				CLANG_WARN_CONSTANT_CONVERSION = YES;
				CLANG_WARN_DEPRECATED_OBJC_IMPLEMENTATIONS = YES;
				CLANG_WARN_DIRECT_OBJC_ISA_USAGE = YES_ERROR;
				CLANG_WARN_DOCUMENTATION_COMMENTS = YES;
				CLANG_WARN_EMPTY_BODY = YES;
				CLANG_WARN_ENUM_CONVERSION = YES;
				CLANG_WARN_INFINITE_RECURSION = YES;
				CLANG_WARN_INT_CONVERSION = YES;
				CLANG_WARN_NON_LITERAL_NULL_CONVERSION = YES;
				CLANG_WARN_OBJC_IMPLICIT_RETAIN_SELF = YES;
				CLANG_WARN_OBJC_LITERAL_CONVERSION = YES;
				CLANG_WARN_OBJC_ROOT_CLASS = YES_ERROR;
				CLANG_WARN_QUOTED_INCLUDE_IN_FRAMEWORK_HEADER = YES;
				CLANG_WARN_RANGE_LOOP_ANALYSIS = YES;
				CLANG_WARN_STRICT_PROTOTYPES = YES;
				CLANG_WARN_SUSPICIOUS_MOVE = YES;
				CLANG_WARN_UNGUARDED_AVAILABILITY = YES_AGGRESSIVE;
				CLANG_WARN_UNREACHABLE_CODE = YES;
				CLANG_WARN__DUPLICATE_METHOD_MATCH = YES;
				COPY_PHASE_STRIP = NO;
				DEBUG_INFORMATION_FORMAT = "dwarf-with-dsym";
				ENABLE_NS_ASSERTIONS = NO;
				ENABLE_STRICT_OBJC_MSGSEND = YES;
				GCC_C_LANGUAGE_STANDARD = gnu11;
				GCC_NO_COMMON_BLOCKS = YES;
				GCC_WARN_64_TO_32_BIT_CONVERSION = YES;
				GCC_WARN_ABOUT_RETURN_TYPE = YES_ERROR;
				GCC_WARN_UNDECLARED_SELECTOR = YES;
				GCC_WARN_UNINITIALIZED_AUTOS = YES_AGGRESSIVE;
				GCC_WARN_UNUSED_FUNCTION = YES;
				GCC_WARN_UNUSED_VARIABLE = YES;
				IPHONEOS_DEPLOYMENT_TARGET = 14.5;
				MTL_ENABLE_DEBUG_INFO = NO;
				MTL_FAST_MATH = YES;
				SDKROOT = iphoneos;
				SWIFT_COMPILATION_MODE = wholemodule;
				SWIFT_OPTIMIZATION_LEVEL = "-O";
				VALIDATE_PRODUCT = YES;
			};
			name = Release;
		};
		AB7F8B0426FE7794006DFE76 /* Debug */ = {
			isa = XCBuildConfiguration;
			buildSettings = {
				ASSETCATALOG_COMPILER_APPICON_NAME = AppIcon;
				ASSETCATALOG_COMPILER_GLOBAL_ACCENT_COLOR_NAME = AccentColor;
				CODE_SIGN_STYLE = Automatic;
				INFOPLIST_FILE = consolidation3/Info.plist;
				LD_RUNPATH_SEARCH_PATHS = (
					"$(inherited)",
					"@executable_path/Frameworks",
				);
				PRODUCT_BUNDLE_IDENTIFIER = com.example.consolidation3;
				PRODUCT_NAME = "$(TARGET_NAME)";
				SWIFT_VERSION = 5.0;
				TARGETED_DEVICE_FAMILY = "1,2";
			};
			name = Debug;
		};
		AB7F8B0526FE7794006DFE76 /* Release */ = {
			isa = XCBuildConfiguration;
			buildSettings = {
				ASSETCATALOG_COMPILER_APPICON_NAME = AppIcon;
				ASSETCATALOG_COMPILER_GLOBAL_ACCENT_COLOR_NAME = AccentColor;
				CODE_SIGN_STYLE = Automatic;
				INFOPLIST_FILE = consolidation3/Info.plist;
				LD_RUNPATH_SEARCH_PATHS = (
					"$(inherited)",
					"@executable_path/Frameworks",
				);
				PRODUCT_BUNDLE_IDENTIFIER = com.example.consolidation3;
				PRODUCT_NAME = "$(TARGET_NAME)";
				SWIFT_VERSION = 5.0;
				TARGETED_DEVICE_FAMILY = "1,2";
			};
			name = Release;
		};
/* End XCBuildConfiguration section */

/* Begin XCConfigurationList section */
		AB7F8AEA26FE7793006DFE76 /* Build configuration list for PBXProject "consolidation3" */ = {
			isa = XCConfigurationList;
			buildConfigurations = (
				AB7F8B0126FE7794006DFE76 /* Debug */,
				AB7F8B0226FE7794006DFE76 /* Release */,
			);
			defaultConfigurationIsVisible = 0;
			defaultConfigurationName = Release;
		};
		AB7F8B0326FE7794006DFE76 /* Build configuration list for PBXNativeTarget "consolidation3" */ = {
			isa = XCConfigurationList;
			buildConfigurations = (
				AB7F8B0426FE7794006DFE76 /* Debug */,
				AB7F8B0526FE7794006DFE76 /* Release */,
			);
			defaultConfigurationIsVisible = 0;
			defaultConfigurationName = Release;
		};
/* End XCConfigurationList section */
	};
	rootObject = AB7F8AE726FE7793006DFE76 /* Project object */;
}
