// !$*UTF8*$!
{
	archiveVersion = 1;
	classes = {
	};
	objectVersion = 50;
	objects = {

/* Begin PBXBuildFile section */
		AB8A455C2790E0190008341D /* AppDelegate.swift in Sources */ = {isa = PBXBuildFile; fileRef = AB8A455B2790E0190008341D /* AppDelegate.swift */; };
		AB8A455E2790E0190008341D /* SceneDelegate.swift in Sources */ = {isa = PBXBuildFile; fileRef = AB8A455D2790E0190008341D /* SceneDelegate.swift */; };
		AB8A45602790E0190008341D /* ViewController.swift in Sources */ = {isa = PBXBuildFile; fileRef = AB8A455F2790E0190008341D /* ViewController.swift */; };
		AB8A45632790E0190008341D /* Main.storyboard in Resources */ = {isa = PBXBuildFile; fileRef = AB8A45612790E0190008341D /* Main.storyboard */; };
		AB8A45652790E01A0008341D /* Assets.xcassets in Resources */ = {isa = PBXBuildFile; fileRef = AB8A45642790E01A0008341D /* Assets.xcassets */; };
		AB8A45682790E01A0008341D /* LaunchScreen.storyboard in Resources */ = {isa = PBXBuildFile; fileRef = AB8A45662790E01A0008341D /* LaunchScreen.storyboard */; };
		AB8A45762790E1190008341D /* Media.xcassets in Resources */ = {isa = PBXBuildFile; fileRef = AB8A45752790E1190008341D /* Media.xcassets */; };
		AB8A45782790E1190008341D /* ActionViewController.swift in Sources */ = {isa = PBXBuildFile; fileRef = AB8A45772790E1190008341D /* ActionViewController.swift */; };
		AB8A457B2790E1190008341D /* MainInterface.storyboard in Resources */ = {isa = PBXBuildFile; fileRef = AB8A45792790E1190008341D /* MainInterface.storyboard */; };
		AB8A457F2790E1190008341D /* Extension.appex in Embed App Extensions */ = {isa = PBXBuildFile; fileRef = AB8A45732790E1190008341D /* Extension.appex */; settings = {ATTRIBUTES = (RemoveHeadersOnCopy, ); }; };
		AB8A45852790E7450008341D /* Action.js in Resources */ = {isa = PBXBuildFile; fileRef = AB8A45842790E7450008341D /* Action.js */; };
/* End PBXBuildFile section */

/* Begin PBXContainerItemProxy section */
		AB8A457D2790E1190008341D /* PBXContainerItemProxy */ = {
			isa = PBXContainerItemProxy;
			containerPortal = AB8A45502790E0190008341D /* Project object */;
			proxyType = 1;
			remoteGlobalIDString = AB8A45722790E1190008341D;
			remoteInfo = Extension;
		};
/* End PBXContainerItemProxy section */

/* Begin PBXCopyFilesBuildPhase section */
		AB8A45832790E1190008341D /* Embed App Extensions */ = {
			isa = PBXCopyFilesBuildPhase;
			buildActionMask = 2147483647;
			dstPath = "";
			dstSubfolderSpec = 13;
			files = (
				AB8A457F2790E1190008341D /* Extension.appex in Embed App Extensions */,
			);
			name = "Embed App Extensions";
			runOnlyForDeploymentPostprocessing = 0;
		};
/* End PBXCopyFilesBuildPhase section */

/* Begin PBXFileReference section */
		AB8A45582790E0190008341D /* Project_19.app */ = {isa = PBXFileReference; explicitFileType = wrapper.application; includeInIndex = 0; path = Project_19.app; sourceTree = BUILT_PRODUCTS_DIR; };
		AB8A455B2790E0190008341D /* AppDelegate.swift */ = {isa = PBXFileReference; lastKnownFileType = sourcecode.swift; path = AppDelegate.swift; sourceTree = "<group>"; };
		AB8A455D2790E0190008341D /* SceneDelegate.swift */ = {isa = PBXFileReference; lastKnownFileType = sourcecode.swift; path = SceneDelegate.swift; sourceTree = "<group>"; };
		AB8A455F2790E0190008341D /* ViewController.swift */ = {isa = PBXFileReference; lastKnownFileType = sourcecode.swift; path = ViewController.swift; sourceTree = "<group>"; };
		AB8A45622790E0190008341D /* Base */ = {isa = PBXFileReference; lastKnownFileType = file.storyboard; name = Base; path = Base.lproj/Main.storyboard; sourceTree = "<group>"; };
		AB8A45642790E01A0008341D /* Assets.xcassets */ = {isa = PBXFileReference; lastKnownFileType = folder.assetcatalog; path = Assets.xcassets; sourceTree = "<group>"; };
		AB8A45672790E01A0008341D /* Base */ = {isa = PBXFileReference; lastKnownFileType = file.storyboard; name = Base; path = Base.lproj/LaunchScreen.storyboard; sourceTree = "<group>"; };
		AB8A45692790E01A0008341D /* Info.plist */ = {isa = PBXFileReference; lastKnownFileType = text.plist.xml; path = Info.plist; sourceTree = "<group>"; };
		AB8A45732790E1190008341D /* Extension.appex */ = {isa = PBXFileReference; explicitFileType = "wrapper.app-extension"; includeInIndex = 0; path = Extension.appex; sourceTree = BUILT_PRODUCTS_DIR; };
		AB8A45752790E1190008341D /* Media.xcassets */ = {isa = PBXFileReference; lastKnownFileType = folder.assetcatalog; path = Media.xcassets; sourceTree = "<group>"; };
		AB8A45772790E1190008341D /* ActionViewController.swift */ = {isa = PBXFileReference; lastKnownFileType = sourcecode.swift; path = ActionViewController.swift; sourceTree = "<group>"; };
		AB8A457A2790E1190008341D /* Base */ = {isa = PBXFileReference; lastKnownFileType = file.storyboard; name = Base; path = Base.lproj/MainInterface.storyboard; sourceTree = "<group>"; };
		AB8A457C2790E1190008341D /* Info.plist */ = {isa = PBXFileReference; lastKnownFileType = text.plist.xml; path = Info.plist; sourceTree = "<group>"; };
		AB8A45842790E7450008341D /* Action.js */ = {isa = PBXFileReference; lastKnownFileType = sourcecode.javascript; path = Action.js; sourceTree = "<group>"; };
/* End PBXFileReference section */

/* Begin PBXFrameworksBuildPhase section */
		AB8A45552790E0190008341D /* Frameworks */ = {
			isa = PBXFrameworksBuildPhase;
			buildActionMask = 2147483647;
			files = (
			);
			runOnlyForDeploymentPostprocessing = 0;
		};
		AB8A45702790E1190008341D /* Frameworks */ = {
			isa = PBXFrameworksBuildPhase;
			buildActionMask = 2147483647;
			files = (
			);
			runOnlyForDeploymentPostprocessing = 0;
		};
/* End PBXFrameworksBuildPhase section */

/* Begin PBXGroup section */
		AB8A454F2790E0190008341D = {
			isa = PBXGroup;
			children = (
				AB8A455A2790E0190008341D /* Project_19 */,
				AB8A45742790E1190008341D /* Extension */,
				AB8A45592790E0190008341D /* Products */,
			);
			sourceTree = "<group>";
		};
		AB8A45592790E0190008341D /* Products */ = {
			isa = PBXGroup;
			children = (
				AB8A45582790E0190008341D /* Project_19.app */,
				AB8A45732790E1190008341D /* Extension.appex */,
			);
			name = Products;
			sourceTree = "<group>";
		};
		AB8A455A2790E0190008341D /* Project_19 */ = {
			isa = PBXGroup;
			children = (
				AB8A455B2790E0190008341D /* AppDelegate.swift */,
				AB8A455D2790E0190008341D /* SceneDelegate.swift */,
				AB8A455F2790E0190008341D /* ViewController.swift */,
				AB8A45612790E0190008341D /* Main.storyboard */,
				AB8A45642790E01A0008341D /* Assets.xcassets */,
				AB8A45662790E01A0008341D /* LaunchScreen.storyboard */,
				AB8A45692790E01A0008341D /* Info.plist */,
			);
			path = Project_19;
			sourceTree = "<group>";
		};
		AB8A45742790E1190008341D /* Extension */ = {
			isa = PBXGroup;
			children = (
				AB8A45752790E1190008341D /* Media.xcassets */,
				AB8A45772790E1190008341D /* ActionViewController.swift */,
				AB8A45792790E1190008341D /* MainInterface.storyboard */,
				AB8A457C2790E1190008341D /* Info.plist */,
				AB8A45842790E7450008341D /* Action.js */,
			);
			path = Extension;
			sourceTree = "<group>";
		};
/* End PBXGroup section */

/* Begin PBXNativeTarget section */
		AB8A45572790E0190008341D /* Project_19 */ = {
			isa = PBXNativeTarget;
			buildConfigurationList = AB8A456C2790E01A0008341D /* Build configuration list for PBXNativeTarget "Project_19" */;
			buildPhases = (
				AB8A45542790E0190008341D /* Sources */,
				AB8A45552790E0190008341D /* Frameworks */,
				AB8A45562790E0190008341D /* Resources */,
				AB8A45832790E1190008341D /* Embed App Extensions */,
			);
			buildRules = (
			);
			dependencies = (
				AB8A457E2790E1190008341D /* PBXTargetDependency */,
			);
			name = Project_19;
			productName = Project_19;
			productReference = AB8A45582790E0190008341D /* Project_19.app */;
			productType = "com.apple.product-type.application";
		};
		AB8A45722790E1190008341D /* Extension */ = {
			isa = PBXNativeTarget;
			buildConfigurationList = AB8A45802790E1190008341D /* Build configuration list for PBXNativeTarget "Extension" */;
			buildPhases = (
				AB8A456F2790E1190008341D /* Sources */,
				AB8A45702790E1190008341D /* Frameworks */,
				AB8A45712790E1190008341D /* Resources */,
			);
			buildRules = (
			);
			dependencies = (
			);
			name = Extension;
			productName = Extension;
			productReference = AB8A45732790E1190008341D /* Extension.appex */;
			productType = "com.apple.product-type.app-extension";
		};
/* End PBXNativeTarget section */

/* Begin PBXProject section */
		AB8A45502790E0190008341D /* Project object */ = {
			isa = PBXProject;
			attributes = {
				LastSwiftUpdateCheck = 1250;
				LastUpgradeCheck = 1250;
				TargetAttributes = {
					AB8A45572790E0190008341D = {
						CreatedOnToolsVersion = 12.5.1;
					};
					AB8A45722790E1190008341D = {
						CreatedOnToolsVersion = 12.5.1;
					};
				};
			};
			buildConfigurationList = AB8A45532790E0190008341D /* Build configuration list for PBXProject "Project_19" */;
			compatibilityVersion = "Xcode 9.3";
			developmentRegion = en;
			hasScannedForEncodings = 0;
			knownRegions = (
				en,
				Base,
			);
			mainGroup = AB8A454F2790E0190008341D;
			productRefGroup = AB8A45592790E0190008341D /* Products */;
			projectDirPath = "";
			projectRoot = "";
			targets = (
				AB8A45572790E0190008341D /* Project_19 */,
				AB8A45722790E1190008341D /* Extension */,
			);
		};
/* End PBXProject section */

/* Begin PBXResourcesBuildPhase section */
		AB8A45562790E0190008341D /* Resources */ = {
			isa = PBXResourcesBuildPhase;
			buildActionMask = 2147483647;
			files = (
				AB8A45682790E01A0008341D /* LaunchScreen.storyboard in Resources */,
				AB8A45652790E01A0008341D /* Assets.xcassets in Resources */,
				AB8A45632790E0190008341D /* Main.storyboard in Resources */,
			);
			runOnlyForDeploymentPostprocessing = 0;
		};
		AB8A45712790E1190008341D /* Resources */ = {
			isa = PBXResourcesBuildPhase;
			buildActionMask = 2147483647;
			files = (
				AB8A45852790E7450008341D /* Action.js in Resources */,
				AB8A45762790E1190008341D /* Media.xcassets in Resources */,
				AB8A457B2790E1190008341D /* MainInterface.storyboard in Resources */,
			);
			runOnlyForDeploymentPostprocessing = 0;
		};
/* End PBXResourcesBuildPhase section */

/* Begin PBXSourcesBuildPhase section */
		AB8A45542790E0190008341D /* Sources */ = {
			isa = PBXSourcesBuildPhase;
			buildActionMask = 2147483647;
			files = (
				AB8A45602790E0190008341D /* ViewController.swift in Sources */,
				AB8A455C2790E0190008341D /* AppDelegate.swift in Sources */,
				AB8A455E2790E0190008341D /* SceneDelegate.swift in Sources */,
			);
			runOnlyForDeploymentPostprocessing = 0;
		};
		AB8A456F2790E1190008341D /* Sources */ = {
			isa = PBXSourcesBuildPhase;
			buildActionMask = 2147483647;
			files = (
				AB8A45782790E1190008341D /* ActionViewController.swift in Sources */,
			);
			runOnlyForDeploymentPostprocessing = 0;
		};
/* End PBXSourcesBuildPhase section */

/* Begin PBXTargetDependency section */
		AB8A457E2790E1190008341D /* PBXTargetDependency */ = {
			isa = PBXTargetDependency;
			target = AB8A45722790E1190008341D /* Extension */;
			targetProxy = AB8A457D2790E1190008341D /* PBXContainerItemProxy */;
		};
/* End PBXTargetDependency section */

/* Begin PBXVariantGroup section */
		AB8A45612790E0190008341D /* Main.storyboard */ = {
			isa = PBXVariantGroup;
			children = (
				AB8A45622790E0190008341D /* Base */,
			);
			name = Main.storyboard;
			sourceTree = "<group>";
		};
		AB8A45662790E01A0008341D /* LaunchScreen.storyboard */ = {
			isa = PBXVariantGroup;
			children = (
				AB8A45672790E01A0008341D /* Base */,
			);
			name = LaunchScreen.storyboard;
			sourceTree = "<group>";
		};
		AB8A45792790E1190008341D /* MainInterface.storyboard */ = {
			isa = PBXVariantGroup;
			children = (
				AB8A457A2790E1190008341D /* Base */,
			);
			name = MainInterface.storyboard;
			sourceTree = "<group>";
		};
/* End PBXVariantGroup section */

/* Begin XCBuildConfiguration section */
		AB8A456A2790E01A0008341D /* Debug */ = {
			isa = XCBuildConfiguration;
			buildSettings = {
				ALWAYS_SEARCH_USER_PATHS = NO;
				CLANG_ANALYZER_NONNULL = YES;
				CLANG_ANALYZER_NUMBER_OBJECT_CONVERSION = YES_AGGRESSIVE;
				CLANG_CXX_LANGUAGE_STANDARD = "gnu++14";
				CLANG_CXX_LIBRARY = "libc++";
				CLANG_ENABLE_MODULES = YES;
				CLANG_ENABLE_OBJC_ARC = YES;
				CLANG_ENABLE_OBJC_WEAK = YES;
				CLANG_WARN_BLOCK_CAPTURE_AUTORELEASING = YES;
				CLANG_WARN_BOOL_CONVERSION = YES;
				CLANG_WARN_COMMA = YES;
				CLANG_WARN_CONSTANT_CONVERSION = YES;
				CLANG_WARN_DEPRECATED_OBJC_IMPLEMENTATIONS = YES;
				CLANG_WARN_DIRECT_OBJC_ISA_USAGE = YES_ERROR;
				CLANG_WARN_DOCUMENTATION_COMMENTS = YES;
				CLANG_WARN_EMPTY_BODY = YES;
				CLANG_WARN_ENUM_CONVERSION = YES;
				CLANG_WARN_INFINITE_RECURSION = YES;
				CLANG_WARN_INT_CONVERSION = YES;
				CLANG_WARN_NON_LITERAL_NULL_CONVERSION = YES;
				CLANG_WARN_OBJC_IMPLICIT_RETAIN_SELF = YES;
				CLANG_WARN_OBJC_LITERAL_CONVERSION = YES;
				CLANG_WARN_OBJC_ROOT_CLASS = YES_ERROR;
				CLANG_WARN_QUOTED_INCLUDE_IN_FRAMEWORK_HEADER = YES;
				CLANG_WARN_RANGE_LOOP_ANALYSIS = YES;
				CLANG_WARN_STRICT_PROTOTYPES = YES;
				CLANG_WARN_SUSPICIOUS_MOVE = YES;
				CLANG_WARN_UNGUARDED_AVAILABILITY = YES_AGGRESSIVE;
				CLANG_WARN_UNREACHABLE_CODE = YES;
				CLANG_WARN__DUPLICATE_METHOD_MATCH = YES;
				COPY_PHASE_STRIP = NO;
				DEBUG_INFORMATION_FORMAT = dwarf;
				ENABLE_STRICT_OBJC_MSGSEND = YES;
				ENABLE_TESTABILITY = YES;
				GCC_C_LANGUAGE_STANDARD = gnu11;
				GCC_DYNAMIC_NO_PIC = NO;
				GCC_NO_COMMON_BLOCKS = YES;
				GCC_OPTIMIZATION_LEVEL = 0;
				GCC_PREPROCESSOR_DEFINITIONS = (
					"DEBUG=1",
					"$(inherited)",
				);
				GCC_WARN_64_TO_32_BIT_CONVERSION = YES;
				GCC_WARN_ABOUT_RETURN_TYPE = YES_ERROR;
				GCC_WARN_UNDECLARED_SELECTOR = YES;
				GCC_WARN_UNINITIALIZED_AUTOS = YES_AGGRESSIVE;
				GCC_WARN_UNUSED_FUNCTION = YES;
				GCC_WARN_UNUSED_VARIABLE = YES;
				IPHONEOS_DEPLOYMENT_TARGET = 14.5;
				MTL_ENABLE_DEBUG_INFO = INCLUDE_SOURCE;
				MTL_FAST_MATH = YES;
				ONLY_ACTIVE_ARCH = YES;
				SDKROOT = iphoneos;
				SWIFT_ACTIVE_COMPILATION_CONDITIONS = DEBUG;
				SWIFT_OPTIMIZATION_LEVEL = "-Onone";
			};
			name = Debug;
		};
		AB8A456B2790E01A0008341D /* Release */ = {
			isa = XCBuildConfiguration;
			buildSettings = {
				ALWAYS_SEARCH_USER_PATHS = NO;
				CLANG_ANALYZER_NONNULL = YES;
				CLANG_ANALYZER_NUMBER_OBJECT_CONVERSION = YES_AGGRESSIVE;
				CLANG_CXX_LANGUAGE_STANDARD = "gnu++14";
				CLANG_CXX_LIBRARY = "libc++";
				CLANG_ENABLE_MODULES = YES;
				CLANG_ENABLE_OBJC_ARC = YES;
				CLANG_ENABLE_OBJC_WEAK = YES;
				CLANG_WARN_BLOCK_CAPTURE_AUTORELEASING = YES;
				CLANG_WARN_BOOL_CONVERSION = YES;
				CLANG_WARN_COMMA = YES;
				CLANG_WARN_CONSTANT_CONVERSION = YES;
				CLANG_WARN_DEPRECATED_OBJC_IMPLEMENTATIONS = YES;
				CLANG_WARN_DIRECT_OBJC_ISA_USAGE = YES_ERROR;
				CLANG_WARN_DOCUMENTATION_COMMENTS = YES;
				CLANG_WARN_EMPTY_BODY = YES;
				CLANG_WARN_ENUM_CONVERSION = YES;
				CLANG_WARN_INFINITE_RECURSION = YES;
				CLANG_WARN_INT_CONVERSION = YES;
				CLANG_WARN_NON_LITERAL_NULL_CONVERSION = YES;
				CLANG_WARN_OBJC_IMPLICIT_RETAIN_SELF = YES;
				CLANG_WARN_OBJC_LITERAL_CONVERSION = YES;
				CLANG_WARN_OBJC_ROOT_CLASS = YES_ERROR;
				CLANG_WARN_QUOTED_INCLUDE_IN_FRAMEWORK_HEADER = YES;
				CLANG_WARN_RANGE_LOOP_ANALYSIS = YES;
				CLANG_WARN_STRICT_PROTOTYPES = YES;
				CLANG_WARN_SUSPICIOUS_MOVE = YES;
				CLANG_WARN_UNGUARDED_AVAILABILITY = YES_AGGRESSIVE;
				CLANG_WARN_UNREACHABLE_CODE = YES;
				CLANG_WARN__DUPLICATE_METHOD_MATCH = YES;
				COPY_PHASE_STRIP = NO;
				DEBUG_INFORMATION_FORMAT = "dwarf-with-dsym";
				ENABLE_NS_ASSERTIONS = NO;
				ENABLE_STRICT_OBJC_MSGSEND = YES;
				GCC_C_LANGUAGE_STANDARD = gnu11;
				GCC_NO_COMMON_BLOCKS = YES;
				GCC_WARN_64_TO_32_BIT_CONVERSION = YES;
				GCC_WARN_ABOUT_RETURN_TYPE = YES_ERROR;
				GCC_WARN_UNDECLARED_SELECTOR = YES;
				GCC_WARN_UNINITIALIZED_AUTOS = YES_AGGRESSIVE;
				GCC_WARN_UNUSED_FUNCTION = YES;
				GCC_WARN_UNUSED_VARIABLE = YES;
				IPHONEOS_DEPLOYMENT_TARGET = 14.5;
				MTL_ENABLE_DEBUG_INFO = NO;
				MTL_FAST_MATH = YES;
				SDKROOT = iphoneos;
				SWIFT_COMPILATION_MODE = wholemodule;
				SWIFT_OPTIMIZATION_LEVEL = "-O";
				VALIDATE_PRODUCT = YES;
			};
			name = Release;
		};
		AB8A456D2790E01A0008341D /* Debug */ = {
			isa = XCBuildConfiguration;
			buildSettings = {
				ALWAYS_EMBED_SWIFT_STANDARD_LIBRARIES = YES;
				ASSETCATALOG_COMPILER_APPICON_NAME = AppIcon;
				ASSETCATALOG_COMPILER_GLOBAL_ACCENT_COLOR_NAME = AccentColor;
				CODE_SIGN_STYLE = Automatic;
				INFOPLIST_FILE = Project_19/Info.plist;
				LD_RUNPATH_SEARCH_PATHS = (
					"$(inherited)",
					"@executable_path/Frameworks",
				);
				PRODUCT_BUNDLE_IDENTIFIER = "com.example.Project-19";
				PRODUCT_NAME = "$(TARGET_NAME)";
				SWIFT_VERSION = 5.0;
				TARGETED_DEVICE_FAMILY = "1,2";
			};
			name = Debug;
		};
		AB8A456E2790E01A0008341D /* Release */ = {
			isa = XCBuildConfiguration;
			buildSettings = {
				ALWAYS_EMBED_SWIFT_STANDARD_LIBRARIES = YES;
				ASSETCATALOG_COMPILER_APPICON_NAME = AppIcon;
				ASSETCATALOG_COMPILER_GLOBAL_ACCENT_COLOR_NAME = AccentColor;
				CODE_SIGN_STYLE = Automatic;
				INFOPLIST_FILE = Project_19/Info.plist;
				LD_RUNPATH_SEARCH_PATHS = (
					"$(inherited)",
					"@executable_path/Frameworks",
				);
				PRODUCT_BUNDLE_IDENTIFIER = "com.example.Project-19";
				PRODUCT_NAME = "$(TARGET_NAME)";
				SWIFT_VERSION = 5.0;
				TARGETED_DEVICE_FAMILY = "1,2";
			};
			name = Release;
		};
		AB8A45812790E1190008341D /* Debug */ = {
			isa = XCBuildConfiguration;
			buildSettings = {
				CODE_SIGN_STYLE = Automatic;
				INFOPLIST_FILE = Extension/Info.plist;
				LD_RUNPATH_SEARCH_PATHS = (
					"$(inherited)",
					"@executable_path/Frameworks",
					"@executable_path/../../Frameworks",
				);
				PRODUCT_BUNDLE_IDENTIFIER = "com.example.Project-19.Extension";
				PRODUCT_NAME = "$(TARGET_NAME)";
				SKIP_INSTALL = YES;
				SWIFT_VERSION = 5.0;
				TARGETED_DEVICE_FAMILY = "1,2";
			};
			name = Debug;
		};
		AB8A45822790E1190008341D /* Release */ = {
			isa = XCBuildConfiguration;
			buildSettings = {
				CODE_SIGN_STYLE = Automatic;
				INFOPLIST_FILE = Extension/Info.plist;
				LD_RUNPATH_SEARCH_PATHS = (
					"$(inherited)",
					"@executable_path/Frameworks",
					"@executable_path/../../Frameworks",
				);
				PRODUCT_BUNDLE_IDENTIFIER = "com.example.Project-19.Extension";
				PRODUCT_NAME = "$(TARGET_NAME)";
				SKIP_INSTALL = YES;
				SWIFT_VERSION = 5.0;
				TARGETED_DEVICE_FAMILY = "1,2";
			};
			name = Release;
		};
/* End XCBuildConfiguration section */

/* Begin XCConfigurationList section */
		AB8A45532790E0190008341D /* Build configuration list for PBXProject "Project_19" */ = {
			isa = XCConfigurationList;
			buildConfigurations = (
				AB8A456A2790E01A0008341D /* Debug */,
				AB8A456B2790E01A0008341D /* Release */,
			);
			defaultConfigurationIsVisible = 0;
			defaultConfigurationName = Release;
		};
		AB8A456C2790E01A0008341D /* Build configuration list for PBXNativeTarget "Project_19" */ = {
			isa = XCConfigurationList;
			buildConfigurations = (
				AB8A456D2790E01A0008341D /* Debug */,
				AB8A456E2790E01A0008341D /* Release */,
			);
			defaultConfigurationIsVisible = 0;
			defaultConfigurationName = Release;
		};
		AB8A45802790E1190008341D /* Build configuration list for PBXNativeTarget "Extension" */ = {
			isa = XCConfigurationList;
			buildConfigurations = (
				AB8A45812790E1190008341D /* Debug */,
				AB8A45822790E1190008341D /* Release */,
			);
			defaultConfigurationIsVisible = 0;
			defaultConfigurationName = Release;
		};
/* End XCConfigurationList section */
	};
	rootObject = AB8A45502790E0190008341D /* Project object */;
}
