// !$*UTF8*$!
{
	archiveVersion = 1;
	classes = {
	};
	objectVersion = 50;
	objects = {

/* Begin PBXBuildFile section */
		AB7CA18F2702735A006D4202 /* AppDelegate.swift in Sources */ = {isa = PBXBuildFile; fileRef = AB7CA18E2702735A006D4202 /* AppDelegate.swift */; };
		AB7CA1912702735A006D4202 /* SceneDelegate.swift in Sources */ = {isa = PBXBuildFile; fileRef = AB7CA1902702735A006D4202 /* SceneDelegate.swift */; };
		AB7CA1932702735A006D4202 /* ViewController.swift in Sources */ = {isa = PBXBuildFile; fileRef = AB7CA1922702735A006D4202 /* ViewController.swift */; };
		AB7CA1962702735A006D4202 /* Main.storyboard in Resources */ = {isa = PBXBuildFile; fileRef = AB7CA1942702735A006D4202 /* Main.storyboard */; };
		AB7CA1982702735B006D4202 /* Assets.xcassets in Resources */ = {isa = PBXBuildFile; fileRef = AB7CA1972702735B006D4202 /* Assets.xcassets */; };
		AB7CA19B2702735B006D4202 /* LaunchScreen.storyboard in Resources */ = {isa = PBXBuildFile; fileRef = AB7CA1992702735B006D4202 /* LaunchScreen.storyboard */; };
		AB7CA1A3270276D9006D4202 /* petition.swift in Sources */ = {isa = PBXBuildFile; fileRef = AB7CA1A2270276D9006D4202 /* petition.swift */; };
		AB7CA1A52702773C006D4202 /* petitions.swift in Sources */ = {isa = PBXBuildFile; fileRef = AB7CA1A42702773C006D4202 /* petitions.swift */; };
		AB7CA1A727027B17006D4202 /* DetailViewController.swift in Sources */ = {isa = PBXBuildFile; fileRef = AB7CA1A627027B17006D4202 /* DetailViewController.swift */; };
/* End PBXBuildFile section */

/* Begin PBXFileReference section */
		AB7CA18B2702735A006D4202 /* project_7.app */ = {isa = PBXFileReference; explicitFileType = wrapper.application; includeInIndex = 0; path = project_7.app; sourceTree = BUILT_PRODUCTS_DIR; };
		AB7CA18E2702735A006D4202 /* AppDelegate.swift */ = {isa = PBXFileReference; lastKnownFileType = sourcecode.swift; path = AppDelegate.swift; sourceTree = "<group>"; };
		AB7CA1902702735A006D4202 /* SceneDelegate.swift */ = {isa = PBXFileReference; lastKnownFileType = sourcecode.swift; path = SceneDelegate.swift; sourceTree = "<group>"; };
		AB7CA1922702735A006D4202 /* ViewController.swift */ = {isa = PBXFileReference; lastKnownFileType = sourcecode.swift; path = ViewController.swift; sourceTree = "<group>"; };
		AB7CA1952702735A006D4202 /* Base */ = {isa = PBXFileReference; lastKnownFileType = file.storyboard; name = Base; path = Base.lproj/Main.storyboard; sourceTree = "<group>"; };
		AB7CA1972702735B006D4202 /* Assets.xcassets */ = {isa = PBXFileReference; lastKnownFileType = folder.assetcatalog; path = Assets.xcassets; sourceTree = "<group>"; };
		AB7CA19A2702735B006D4202 /* Base */ = {isa = PBXFileReference; lastKnownFileType = file.storyboard; name = Base; path = Base.lproj/LaunchScreen.storyboard; sourceTree = "<group>"; };
		AB7CA19C2702735B006D4202 /* Info.plist */ = {isa = PBXFileReference; lastKnownFileType = text.plist.xml; path = Info.plist; sourceTree = "<group>"; };
		AB7CA1A2270276D9006D4202 /* petition.swift */ = {isa = PBXFileReference; lastKnownFileType = sourcecode.swift; path = petition.swift; sourceTree = "<group>"; };
		AB7CA1A42702773C006D4202 /* petitions.swift */ = {isa = PBXFileReference; lastKnownFileType = sourcecode.swift; path = petitions.swift; sourceTree = "<group>"; };
		AB7CA1A627027B17006D4202 /* DetailViewController.swift */ = {isa = PBXFileReference; lastKnownFileType = sourcecode.swift; path = DetailViewController.swift; sourceTree = "<group>"; };
/* End PBXFileReference section */

/* Begin PBXFrameworksBuildPhase section */
		AB7CA1882702735A006D4202 /* Frameworks */ = {
			isa = PBXFrameworksBuildPhase;
			buildActionMask = 2147483647;
			files = (
			);
			runOnlyForDeploymentPostprocessing = 0;
		};
/* End PBXFrameworksBuildPhase section */

/* Begin PBXGroup section */
		AB7CA1822702735A006D4202 = {
			isa = PBXGroup;
			children = (
				AB7CA18D2702735A006D4202 /* project_7 */,
				AB7CA18C2702735A006D4202 /* Products */,
			);
			sourceTree = "<group>";
		};
		AB7CA18C2702735A006D4202 /* Products */ = {
			isa = PBXGroup;
			children = (
				AB7CA18B2702735A006D4202 /* project_7.app */,
			);
			name = Products;
			sourceTree = "<group>";
		};
		AB7CA18D2702735A006D4202 /* project_7 */ = {
			isa = PBXGroup;
			children = (
				AB7CA18E2702735A006D4202 /* AppDelegate.swift */,
				AB7CA1902702735A006D4202 /* SceneDelegate.swift */,
				AB7CA1922702735A006D4202 /* ViewController.swift */,
				AB7CA1A627027B17006D4202 /* DetailViewController.swift */,
				AB7CA1A2270276D9006D4202 /* petition.swift */,
				AB7CA1A42702773C006D4202 /* petitions.swift */,
				AB7CA1942702735A006D4202 /* Main.storyboard */,
				AB7CA1972702735B006D4202 /* Assets.xcassets */,
				AB7CA1992702735B006D4202 /* LaunchScreen.storyboard */,
				AB7CA19C2702735B006D4202 /* Info.plist */,
			);
			path = project_7;
			sourceTree = "<group>";
		};
/* End PBXGroup section */

/* Begin PBXNativeTarget section */
		AB7CA18A2702735A006D4202 /* project_7 */ = {
			isa = PBXNativeTarget;
			buildConfigurationList = AB7CA19F2702735B006D4202 /* Build configuration list for PBXNativeTarget "project_7" */;
			buildPhases = (
				AB7CA1872702735A006D4202 /* Sources */,
				AB7CA1882702735A006D4202 /* Frameworks */,
				AB7CA1892702735A006D4202 /* Resources */,
			);
			buildRules = (
			);
			dependencies = (
			);
			name = project_7;
			productName = project_7;
			productReference = AB7CA18B2702735A006D4202 /* project_7.app */;
			productType = "com.apple.product-type.application";
		};
/* End PBXNativeTarget section */

/* Begin PBXProject section */
		AB7CA1832702735A006D4202 /* Project object */ = {
			isa = PBXProject;
			attributes = {
				LastSwiftUpdateCheck = 1250;
				LastUpgradeCheck = 1250;
				TargetAttributes = {
					AB7CA18A2702735A006D4202 = {
						CreatedOnToolsVersion = 12.5.1;
					};
				};
			};
			buildConfigurationList = AB7CA1862702735A006D4202 /* Build configuration list for PBXProject "project_7" */;
			compatibilityVersion = "Xcode 9.3";
			developmentRegion = en;
			hasScannedForEncodings = 0;
			knownRegions = (
				en,
				Base,
			);
			mainGroup = AB7CA1822702735A006D4202;
			productRefGroup = AB7CA18C2702735A006D4202 /* Products */;
			projectDirPath = "";
			projectRoot = "";
			targets = (
				AB7CA18A2702735A006D4202 /* project_7 */,
			);
		};
/* End PBXProject section */

/* Begin PBXResourcesBuildPhase section */
		AB7CA1892702735A006D4202 /* Resources */ = {
			isa = PBXResourcesBuildPhase;
			buildActionMask = 2147483647;
			files = (
				AB7CA19B2702735B006D4202 /* LaunchScreen.storyboard in Resources */,
				AB7CA1982702735B006D4202 /* Assets.xcassets in Resources */,
				AB7CA1962702735A006D4202 /* Main.storyboard in Resources */,
			);
			runOnlyForDeploymentPostprocessing = 0;
		};
/* End PBXResourcesBuildPhase section */

/* Begin PBXSourcesBuildPhase section */
		AB7CA1872702735A006D4202 /* Sources */ = {
			isa = PBXSourcesBuildPhase;
			buildActionMask = 2147483647;
			files = (
				AB7CA1932702735A006D4202 /* ViewController.swift in Sources */,
				AB7CA1A3270276D9006D4202 /* petition.swift in Sources */,
				AB7CA1A52702773C006D4202 /* petitions.swift in Sources */,
				AB7CA1A727027B17006D4202 /* DetailViewController.swift in Sources */,
				AB7CA18F2702735A006D4202 /* AppDelegate.swift in Sources */,
				AB7CA1912702735A006D4202 /* SceneDelegate.swift in Sources */,
			);
			runOnlyForDeploymentPostprocessing = 0;
		};
/* End PBXSourcesBuildPhase section */

/* Begin PBXVariantGroup section */
		AB7CA1942702735A006D4202 /* Main.storyboard */ = {
			isa = PBXVariantGroup;
			children = (
				AB7CA1952702735A006D4202 /* Base */,
			);
			name = Main.storyboard;
			sourceTree = "<group>";
		};
		AB7CA1992702735B006D4202 /* LaunchScreen.storyboard */ = {
			isa = PBXVariantGroup;
			children = (
				AB7CA19A2702735B006D4202 /* Base */,
			);
			name = LaunchScreen.storyboard;
			sourceTree = "<group>";
		};
/* End PBXVariantGroup section */

/* Begin XCBuildConfiguration section */
		AB7CA19D2702735B006D4202 /* Debug */ = {
			isa = XCBuildConfiguration;
			buildSettings = {
				ALWAYS_SEARCH_USER_PATHS = NO;
				CLANG_ANALYZER_NONNULL = YES;
				CLANG_ANALYZER_NUMBER_OBJECT_CONVERSION = YES_AGGRESSIVE;
				CLANG_CXX_LANGUAGE_STANDARD = "gnu++14";
				CLANG_CXX_LIBRARY = "libc++";
				CLANG_ENABLE_MODULES = YES;
				CLANG_ENABLE_OBJC_ARC = YES;
				CLANG_ENABLE_OBJC_WEAK = YES;
				CLANG_WARN_BLOCK_CAPTURE_AUTORELEASING = YES;
				CLANG_WARN_BOOL_CONVERSION = YES;
				CLANG_WARN_COMMA = YES;
				CLANG_WARN_CONSTANT_CONVERSION = YES;
				CLANG_WARN_DEPRECATED_OBJC_IMPLEMENTATIONS = YES;
				CLANG_WARN_DIRECT_OBJC_ISA_USAGE = YES_ERROR;
				CLANG_WARN_DOCUMENTATION_COMMENTS = YES;
				CLANG_WARN_EMPTY_BODY = YES;
				CLANG_WARN_ENUM_CONVERSION = YES;
				CLANG_WARN_INFINITE_RECURSION = YES;
				CLANG_WARN_INT_CONVERSION = YES;
				CLANG_WARN_NON_LITERAL_NULL_CONVERSION = YES;
				CLANG_WARN_OBJC_IMPLICIT_RETAIN_SELF = YES;
				CLANG_WARN_OBJC_LITERAL_CONVERSION = YES;
				CLANG_WARN_OBJC_ROOT_CLASS = YES_ERROR;
				CLANG_WARN_QUOTED_INCLUDE_IN_FRAMEWORK_HEADER = YES;
				CLANG_WARN_RANGE_LOOP_ANALYSIS = YES;
				CLANG_WARN_STRICT_PROTOTYPES = YES;
				CLANG_WARN_SUSPICIOUS_MOVE = YES;
				CLANG_WARN_UNGUARDED_AVAILABILITY = YES_AGGRESSIVE;
				CLANG_WARN_UNREACHABLE_CODE = YES;
				CLANG_WARN__DUPLICATE_METHOD_MATCH = YES;
				COPY_PHASE_STRIP = NO;
				DEBUG_INFORMATION_FORMAT = dwarf;
				ENABLE_STRICT_OBJC_MSGSEND = YES;
				ENABLE_TESTABILITY = YES;
				GCC_C_LANGUAGE_STANDARD = gnu11;
				GCC_DYNAMIC_NO_PIC = NO;
				GCC_NO_COMMON_BLOCKS = YES;
				GCC_OPTIMIZATION_LEVEL = 0;
				GCC_PREPROCESSOR_DEFINITIONS = (
					"DEBUG=1",
					"$(inherited)",
				);
				GCC_WARN_64_TO_32_BIT_CONVERSION = YES;
				GCC_WARN_ABOUT_RETURN_TYPE = YES_ERROR;
				GCC_WARN_UNDECLARED_SELECTOR = YES;
				GCC_WARN_UNINITIALIZED_AUTOS = YES_AGGRESSIVE;
				GCC_WARN_UNUSED_FUNCTION = YES;
				GCC_WARN_UNUSED_VARIABLE = YES;
				IPHONEOS_DEPLOYMENT_TARGET = 14.5;
				MTL_ENABLE_DEBUG_INFO = INCLUDE_SOURCE;
				MTL_FAST_MATH = YES;
				ONLY_ACTIVE_ARCH = YES;
				SDKROOT = iphoneos;
				SWIFT_ACTIVE_COMPILATION_CONDITIONS = DEBUG;
				SWIFT_OPTIMIZATION_LEVEL = "-Onone";
			};
			name = Debug;
		};
		AB7CA19E2702735B006D4202 /* Release */ = {
			isa = XCBuildConfiguration;
			buildSettings = {
				ALWAYS_SEARCH_USER_PATHS = NO;
				CLANG_ANALYZER_NONNULL = YES;
				CLANG_ANALYZER_NUMBER_OBJECT_CONVERSION = YES_AGGRESSIVE;
				CLANG_CXX_LANGUAGE_STANDARD = "gnu++14";
				CLANG_CXX_LIBRARY = "libc++";
				CLANG_ENABLE_MODULES = YES;
				CLANG_ENABLE_OBJC_ARC = YES;
				CLANG_ENABLE_OBJC_WEAK = YES;
				CLANG_WARN_BLOCK_CAPTURE_AUTORELEASING = YES;
				CLANG_WARN_BOOL_CONVERSION = YES;
				CLANG_WARN_COMMA = YES;
				CLANG_WARN_CONSTANT_CONVERSION = YES;
				CLANG_WARN_DEPRECATED_OBJC_IMPLEMENTATIONS = YES;
				CLANG_WARN_DIRECT_OBJC_ISA_USAGE = YES_ERROR;
				CLANG_WARN_DOCUMENTATION_COMMENTS = YES;
				CLANG_WARN_EMPTY_BODY = YES;
				CLANG_WARN_ENUM_CONVERSION = YES;
				CLANG_WARN_INFINITE_RECURSION = YES;
				CLANG_WARN_INT_CONVERSION = YES;
				CLANG_WARN_NON_LITERAL_NULL_CONVERSION = YES;
				CLANG_WARN_OBJC_IMPLICIT_RETAIN_SELF = YES;
				CLANG_WARN_OBJC_LITERAL_CONVERSION = YES;
				CLANG_WARN_OBJC_ROOT_CLASS = YES_ERROR;
				CLANG_WARN_QUOTED_INCLUDE_IN_FRAMEWORK_HEADER = YES;
				CLANG_WARN_RANGE_LOOP_ANALYSIS = YES;
				CLANG_WARN_STRICT_PROTOTYPES = YES;
				CLANG_WARN_SUSPICIOUS_MOVE = YES;
				CLANG_WARN_UNGUARDED_AVAILABILITY = YES_AGGRESSIVE;
				CLANG_WARN_UNREACHABLE_CODE = YES;
				CLANG_WARN__DUPLICATE_METHOD_MATCH = YES;
				COPY_PHASE_STRIP = NO;
				DEBUG_INFORMATION_FORMAT = "dwarf-with-dsym";
				ENABLE_NS_ASSERTIONS = NO;
				ENABLE_STRICT_OBJC_MSGSEND = YES;
				GCC_C_LANGUAGE_STANDARD = gnu11;
				GCC_NO_COMMON_BLOCKS = YES;
				GCC_WARN_64_TO_32_BIT_CONVERSION = YES;
				GCC_WARN_ABOUT_RETURN_TYPE = YES_ERROR;
				GCC_WARN_UNDECLARED_SELECTOR = YES;
				GCC_WARN_UNINITIALIZED_AUTOS = YES_AGGRESSIVE;
				GCC_WARN_UNUSED_FUNCTION = YES;
				GCC_WARN_UNUSED_VARIABLE = YES;
				IPHONEOS_DEPLOYMENT_TARGET = 14.5;
				MTL_ENABLE_DEBUG_INFO = NO;
				MTL_FAST_MATH = YES;
				SDKROOT = iphoneos;
				SWIFT_COMPILATION_MODE = wholemodule;
				SWIFT_OPTIMIZATION_LEVEL = "-O";
				VALIDATE_PRODUCT = YES;
			};
			name = Release;
		};
		AB7CA1A02702735B006D4202 /* Debug */ = {
			isa = XCBuildConfiguration;
			buildSettings = {
				ASSETCATALOG_COMPILER_APPICON_NAME = AppIcon;
				ASSETCATALOG_COMPILER_GLOBAL_ACCENT_COLOR_NAME = AccentColor;
				CODE_SIGN_STYLE = Automatic;
				INFOPLIST_FILE = project_7/Info.plist;
				LD_RUNPATH_SEARCH_PATHS = (
					"$(inherited)",
					"@executable_path/Frameworks",
				);
				PRODUCT_BUNDLE_IDENTIFIER = "com.example.project-7";
				PRODUCT_NAME = "$(TARGET_NAME)";
				SWIFT_VERSION = 5.0;
				TARGETED_DEVICE_FAMILY = "1,2";
			};
			name = Debug;
		};
		AB7CA1A12702735B006D4202 /* Release */ = {
			isa = XCBuildConfiguration;
			buildSettings = {
				ASSETCATALOG_COMPILER_APPICON_NAME = AppIcon;
				ASSETCATALOG_COMPILER_GLOBAL_ACCENT_COLOR_NAME = AccentColor;
				CODE_SIGN_STYLE = Automatic;
				INFOPLIST_FILE = project_7/Info.plist;
				LD_RUNPATH_SEARCH_PATHS = (
					"$(inherited)",
					"@executable_path/Frameworks",
				);
				PRODUCT_BUNDLE_IDENTIFIER = "com.example.project-7";
				PRODUCT_NAME = "$(TARGET_NAME)";
				SWIFT_VERSION = 5.0;
				TARGETED_DEVICE_FAMILY = "1,2";
			};
			name = Release;
		};
/* End XCBuildConfiguration section */

/* Begin XCConfigurationList section */
		AB7CA1862702735A006D4202 /* Build configuration list for PBXProject "project_7" */ = {
			isa = XCConfigurationList;
			buildConfigurations = (
				AB7CA19D2702735B006D4202 /* Debug */,
				AB7CA19E2702735B006D4202 /* Release */,
			);
			defaultConfigurationIsVisible = 0;
			defaultConfigurationName = Release;
		};
		AB7CA19F2702735B006D4202 /* Build configuration list for PBXNativeTarget "project_7" */ = {
			isa = XCConfigurationList;
			buildConfigurations = (
				AB7CA1A02702735B006D4202 /* Debug */,
				AB7CA1A12702735B006D4202 /* Release */,
			);
			defaultConfigurationIsVisible = 0;
			defaultConfigurationName = Release;
		};
/* End XCConfigurationList section */
	};
	rootObject = AB7CA1832702735A006D4202 /* Project object */;
}
